{"is_source_file": false, "format": "", "description": "", "external_files": [], "external_methods": [], "published": [], "classes": [], "methods": [], "calls": [], "search-terms": [], "state": 2, "file_id": 10, "knowledge_revision": 28, "git_revision": "dfd084f6ea775dcbb8e3b3c4d36fe52c3076fb0d", "filename": "/home/kavia/workspace/code-generation/drawmaster-hub-93341-93346/drawmaster_hub/post_process_status.lock", "hash": "9c4ed7ef73e22b872b8055bec08b8979", "format-version": 4, "code-base-name": "default", "revision_history": [{"28": "dfd084f6ea775dcbb8e3b3c4d36fe52c3076fb0d"}]}